Microsoft Visual Studio Solution File, Format Version 12.00
# Visual Studio Version 17
VisualStudioVersion = 17.1.32210.238
MinimumVisualStudioVersion = 10.0.40219.1
Project("{9A19103F-16F7-4668-BE54-9A1E7A4F7556}") = "GAN", "GAN_MNIST\GAN.csproj", "{F975A296-544A-432B-9B57-080BAE59840C}"
EndProject
Global
	GlobalSection(SolutionConfigurationPlatforms) = preSolution
		Debug|Any CPU = Debug|Any CPU
		Release|Any CPU = Release|Any CPU
	EndGlobalSection
	GlobalSection(ProjectConfigurationPlatforms) = postSolution
		{F975A296-544A-432B-9B57-080BAE59840C}.Debug|Any CPU.ActiveCfg = Debug|Any CPU
		{F975A296-544A-432B-9B57-080BAE59840C}.Debug|Any CPU.Build.0 = Debug|Any CPU
		{F975A296-544A-432B-9B57-080BAE59840C}.Release|Any CPU.ActiveCfg = Release|Any CPU
		{F975A296-544A-432B-9B57-080BAE59840C}.Release|Any CPU.Build.0 = Release|Any CPU
	EndGlobalSection
	GlobalSection(SolutionProperties) = preSolution
		HideSolutionNode = FALSE
	EndGlobalSection
	GlobalSection(ExtensibilityGlobals) = postSolution
		SolutionGuid = {77FF5166-9801-451E-9E87-9C8A026D5A24}
	EndGlobalSection
EndGlobal
